
Microsoft Visual Studio Solution File, Format Version 12.00
# Visual Studio Version 17
VisualStudioVersion = 17.11.35327.3
MinimumVisualStudioVersion = 10.0.40219.1
Project("{FAE04EC0-301F-11D3-BF4B-00C04F79EFBC}") = "ELMSAPI", "ELMSAPI\ELMSAPI.csproj", "{CA019BF9-D5DC-4C77-B5AB-05636FEED529}"
EndProject
Project("{FAE04EC0-301F-11D3-BF4B-00C04F79EFBC}") = "ELMSAPI.Domain", "ELMSAPI.Domain\ELMSAPI.Domain.csproj", "{365A144A-2BCF-4253-BD86-E04D9E39E1AD}"
EndProject
Project("{FAE04EC0-301F-11D3-BF4B-00C04F79EFBC}") = "ELMSAPI.Infrastructure", "ELMSAPI.Infrastructure\ELMSAPI.Infrastructure.csproj", "{6EEF0E43-A0E0-4B76-987C-5C016D352086}"
EndProject
Global
	GlobalSection(SolutionConfigurationPlatforms) = preSolution
		Debug|Any CPU = Debug|Any CPU
		Release|Any CPU = Release|Any CPU
	EndGlobalSection
	GlobalSection(ProjectConfigurationPlatforms) = postSolution
		{CA019BF9-D5DC-4C77-B5AB-05636FEED529}.Debug|Any CPU.ActiveCfg = Debug|Any CPU
		{CA019BF9-D5DC-4C77-B5AB-05636FEED529}.Debug|Any CPU.Build.0 = Debug|Any CPU
		{CA019BF9-D5DC-4C77-B5AB-05636FEED529}.Release|Any CPU.ActiveCfg = Release|Any CPU
		{CA019BF9-D5DC-4C77-B5AB-05636FEED529}.Release|Any CPU.Build.0 = Release|Any CPU
		{365A144A-2BCF-4253-BD86-E04D9E39E1AD}.Debug|Any CPU.ActiveCfg = Debug|Any CPU
		{365A144A-2BCF-4253-BD86-E04D9E39E1AD}.Debug|Any CPU.Build.0 = Debug|Any CPU
		{365A144A-2BCF-4253-BD86-E04D9E39E1AD}.Release|Any CPU.ActiveCfg = Release|Any CPU
		{365A144A-2BCF-4253-BD86-E04D9E39E1AD}.Release|Any CPU.Build.0 = Release|Any CPU
		{6EEF0E43-A0E0-4B76-987C-5C016D352086}.Debug|Any CPU.ActiveCfg = Debug|Any CPU
		{6EEF0E43-A0E0-4B76-987C-5C016D352086}.Debug|Any CPU.Build.0 = Debug|Any CPU
		{6EEF0E43-A0E0-4B76-987C-5C016D352086}.Release|Any CPU.ActiveCfg = Release|Any CPU
		{6EEF0E43-A0E0-4B76-987C-5C016D352086}.Release|Any CPU.Build.0 = Release|Any CPU
	EndGlobalSection
	GlobalSection(SolutionProperties) = preSolution
		HideSolutionNode = FALSE
	EndGlobalSection
	GlobalSection(ExtensibilityGlobals) = postSolution
		SolutionGuid = {6693CFEE-DA70-4533-A6AA-447A43B6253B}
	EndGlobalSection
EndGlobal
